
Microsoft Visual Studio Solution File, Format Version 12.00
# Visual Studio Version 18
VisualStudioVersion = 18.0.11205.157 d18.0
MinimumVisualStudioVersion = 10.0.40219.1
Project("{9A19103F-16F7-4668-BE54-9A1E7A4F7556}") = "EspHomeViewer", "EspHomeViewer\EspHomeViewer.csproj", "{2807581A-655E-4E70-B28E-E3E98A9403BF}"
EndProject
Project("{9A19103F-16F7-4668-BE54-9A1E7A4F7556}") = "EspHomeLib", "EspHomeLib\EspHomeLib.csproj", "{BDE77274-1C61-40F2-A1E3-2B6D67E246A2}"
EndProject
Global
	GlobalSection(SolutionConfigurationPlatforms) = preSolution
		Debug|Any CPU = Debug|Any CPU
		Release|Any CPU = Release|Any CPU
	EndGlobalSection
	GlobalSection(ProjectConfigurationPlatforms) = postSolution
		{2807581A-655E-4E70-B28E-E3E98A9403BF}.Debug|Any CPU.ActiveCfg = Debug|Any CPU
		{2807581A-655E-4E70-B28E-E3E98A9403BF}.Debug|Any CPU.Build.0 = Debug|Any CPU
		{2807581A-655E-4E70-B28E-E3E98A9403BF}.Release|Any CPU.ActiveCfg = Release|Any CPU
		{2807581A-655E-4E70-B28E-E3E98A9403BF}.Release|Any CPU.Build.0 = Release|Any CPU
		{BDE77274-1C61-40F2-A1E3-2B6D67E246A2}.Debug|Any CPU.ActiveCfg = Debug|Any CPU
		{BDE77274-1C61-40F2-A1E3-2B6D67E246A2}.Debug|Any CPU.Build.0 = Debug|Any CPU
		{BDE77274-1C61-40F2-A1E3-2B6D67E246A2}.Release|Any CPU.ActiveCfg = Release|Any CPU
		{BDE77274-1C61-40F2-A1E3-2B6D67E246A2}.Release|Any CPU.Build.0 = Release|Any CPU
	EndGlobalSection
	GlobalSection(SolutionProperties) = preSolution
		HideSolutionNode = FALSE
	EndGlobalSection
	GlobalSection(ExtensibilityGlobals) = postSolution
		SolutionGuid = {94C3027F-D03F-4A53-85CE-F777D508CC73}
	EndGlobalSection
EndGlobal
