
Microsoft Visual Studio Solution File, Format Version 12.00
# Visual Studio Version 18
VisualStudioVersion = 18.0.11205.157
MinimumVisualStudioVersion = 10.0.40219.1
Project("{9A19103F-16F7-4668-BE54-9A1E7A4F7556}") = "EspHomeViewer", "EspHomeViewer\EspHomeViewer.csproj", "{2807581A-655E-4E70-B28E-E3E98A9403BF}"
EndProject
Project("{FAE04EC0-301F-11D3-BF4B-00C04F79EFBC}") = "EcoWittLib", "EcoWittLib\EcoWittLib.csproj", "{632DDEDC-3F99-41F8-AC86-23833C4C5D2E}"
EndProject
Project("{FAE04EC0-301F-11D3-BF4B-00C04F79EFBC}") = "ChannelLib", "ChannelLib\ChannelLib.csproj", "{5C4E3EDF-1348-491B-A503-6003B143C9C0}"
EndProject
Project("{FAE04EC0-301F-11D3-BF4B-00C04F79EFBC}") = "SseLib.Core", "SseLib.Core\SseLib.Core.csproj", "{00C6E32F-4F7F-425B-8C7D-4D354E9F144F}"
EndProject
Project("{2150E333-8FDC-42A3-9474-1A3956D46DE8}") = "Sse", "Sse", "{AEF403F9-CB2F-4DB3-9FEC-29FF18C65C7A}"
EndProject
Project("{FAE04EC0-301F-11D3-BF4B-00C04F79EFBC}") = "SseLib.Client", "SseLib.Client\SseLib.Client.csproj", "{9CDFFA5F-68C8-41C8-8B4C-3AB06BEBF157}"
EndProject
Project("{FAE04EC0-301F-11D3-BF4B-00C04F79EFBC}") = "SseLib.Database", "SseLib.Database\SseLib.Database.csproj", "{AE1E55ED-2FE5-4792-B566-546CC0F7BB68}"
EndProject
Project("{FAE04EC0-301F-11D3-BF4B-00C04F79EFBC}") = "SseLib.Tool", "SseLib.Tool\SseLib.Tool.csproj", "{DB2465C3-DE09-45E5-985A-816DFB3F3CA0}"
EndProject
Project("{FAE04EC0-301F-11D3-BF4B-00C04F79EFBC}") = "SseLib", "SseLib\SseLib.csproj", "{F935EE74-0E75-4F7E-BB88-0402BBBCA6D5}"
EndProject
Global
	GlobalSection(SolutionConfigurationPlatforms) = preSolution
		Debug|Any CPU = Debug|Any CPU
		Release|Any CPU = Release|Any CPU
	EndGlobalSection
	GlobalSection(ProjectConfigurationPlatforms) = postSolution
		{2807581A-655E-4E70-B28E-E3E98A9403BF}.Debug|Any CPU.ActiveCfg = Debug|Any CPU
		{2807581A-655E-4E70-B28E-E3E98A9403BF}.Debug|Any CPU.Build.0 = Debug|Any CPU
		{2807581A-655E-4E70-B28E-E3E98A9403BF}.Release|Any CPU.ActiveCfg = Release|Any CPU
		{2807581A-655E-4E70-B28E-E3E98A9403BF}.Release|Any CPU.Build.0 = Release|Any CPU
		{632DDEDC-3F99-41F8-AC86-23833C4C5D2E}.Debug|Any CPU.ActiveCfg = Debug|Any CPU
		{632DDEDC-3F99-41F8-AC86-23833C4C5D2E}.Debug|Any CPU.Build.0 = Debug|Any CPU
		{632DDEDC-3F99-41F8-AC86-23833C4C5D2E}.Release|Any CPU.ActiveCfg = Release|Any CPU
		{632DDEDC-3F99-41F8-AC86-23833C4C5D2E}.Release|Any CPU.Build.0 = Release|Any CPU
		{5C4E3EDF-1348-491B-A503-6003B143C9C0}.Debug|Any CPU.ActiveCfg = Debug|Any CPU
		{5C4E3EDF-1348-491B-A503-6003B143C9C0}.Debug|Any CPU.Build.0 = Debug|Any CPU
		{5C4E3EDF-1348-491B-A503-6003B143C9C0}.Release|Any CPU.ActiveCfg = Release|Any CPU
		{5C4E3EDF-1348-491B-A503-6003B143C9C0}.Release|Any CPU.Build.0 = Release|Any CPU
		{00C6E32F-4F7F-425B-8C7D-4D354E9F144F}.Debug|Any CPU.ActiveCfg = Debug|Any CPU
		{00C6E32F-4F7F-425B-8C7D-4D354E9F144F}.Debug|Any CPU.Build.0 = Debug|Any CPU
		{00C6E32F-4F7F-425B-8C7D-4D354E9F144F}.Release|Any CPU.ActiveCfg = Release|Any CPU
		{00C6E32F-4F7F-425B-8C7D-4D354E9F144F}.Release|Any CPU.Build.0 = Release|Any CPU
		{9CDFFA5F-68C8-41C8-8B4C-3AB06BEBF157}.Debug|Any CPU.ActiveCfg = Debug|Any CPU
		{9CDFFA5F-68C8-41C8-8B4C-3AB06BEBF157}.Debug|Any CPU.Build.0 = Debug|Any CPU
		{9CDFFA5F-68C8-41C8-8B4C-3AB06BEBF157}.Release|Any CPU.ActiveCfg = Release|Any CPU
		{9CDFFA5F-68C8-41C8-8B4C-3AB06BEBF157}.Release|Any CPU.Build.0 = Release|Any CPU
		{AE1E55ED-2FE5-4792-B566-546CC0F7BB68}.Debug|Any CPU.ActiveCfg = Debug|Any CPU
		{AE1E55ED-2FE5-4792-B566-546CC0F7BB68}.Debug|Any CPU.Build.0 = Debug|Any CPU
		{AE1E55ED-2FE5-4792-B566-546CC0F7BB68}.Release|Any CPU.ActiveCfg = Release|Any CPU
		{AE1E55ED-2FE5-4792-B566-546CC0F7BB68}.Release|Any CPU.Build.0 = Release|Any CPU
		{DB2465C3-DE09-45E5-985A-816DFB3F3CA0}.Debug|Any CPU.ActiveCfg = Debug|Any CPU
		{DB2465C3-DE09-45E5-985A-816DFB3F3CA0}.Debug|Any CPU.Build.0 = Debug|Any CPU
		{DB2465C3-DE09-45E5-985A-816DFB3F3CA0}.Release|Any CPU.ActiveCfg = Release|Any CPU
		{DB2465C3-DE09-45E5-985A-816DFB3F3CA0}.Release|Any CPU.Build.0 = Release|Any CPU
		{F935EE74-0E75-4F7E-BB88-0402BBBCA6D5}.Debug|Any CPU.ActiveCfg = Debug|Any CPU
		{F935EE74-0E75-4F7E-BB88-0402BBBCA6D5}.Debug|Any CPU.Build.0 = Debug|Any CPU
		{F935EE74-0E75-4F7E-BB88-0402BBBCA6D5}.Release|Any CPU.ActiveCfg = Release|Any CPU
		{F935EE74-0E75-4F7E-BB88-0402BBBCA6D5}.Release|Any CPU.Build.0 = Release|Any CPU
	EndGlobalSection
	GlobalSection(SolutionProperties) = preSolution
		HideSolutionNode = FALSE
	EndGlobalSection
	GlobalSection(NestedProjects) = preSolution
		{00C6E32F-4F7F-425B-8C7D-4D354E9F144F} = {AEF403F9-CB2F-4DB3-9FEC-29FF18C65C7A}
		{9CDFFA5F-68C8-41C8-8B4C-3AB06BEBF157} = {AEF403F9-CB2F-4DB3-9FEC-29FF18C65C7A}
		{AE1E55ED-2FE5-4792-B566-546CC0F7BB68} = {AEF403F9-CB2F-4DB3-9FEC-29FF18C65C7A}
		{DB2465C3-DE09-45E5-985A-816DFB3F3CA0} = {AEF403F9-CB2F-4DB3-9FEC-29FF18C65C7A}
		{F935EE74-0E75-4F7E-BB88-0402BBBCA6D5} = {AEF403F9-CB2F-4DB3-9FEC-29FF18C65C7A}
	EndGlobalSection
	GlobalSection(ExtensibilityGlobals) = postSolution
		SolutionGuid = {94C3027F-D03F-4A53-85CE-F777D508CC73}
	EndGlobalSection
EndGlobal
